
Microsoft Visual Studio Solution File, Format Version 12.00
# Visual Studio Version 17
VisualStudioVersion = 17.8.34408.163
MinimumVisualStudioVersion = 10.0.40219.1
Project("{FAE04EC0-301F-11D3-BF4B-00C04F79EFBC}") = "BankingApp", "BankingApp\BankingApp.csproj", "{A1D7718D-A84E-48B5-91F6-08AEA291301E}"
EndProject
Project("{FAE04EC0-301F-11D3-BF4B-00C04F79EFBC}") = "BankTests", "BankTests\BankTests.csproj", "{9D507BB6-1A7B-424E-8D58-71D25BACCDA2}"
EndProject
Global
	GlobalSection(SolutionConfigurationPlatforms) = preSolution
		Debug|Any CPU = Debug|Any CPU
		Release|Any CPU = Release|Any CPU
	EndGlobalSection
	GlobalSection(ProjectConfigurationPlatforms) = postSolution
		{A1D7718D-A84E-48B5-91F6-08AEA291301E}.Debug|Any CPU.ActiveCfg = Debug|Any CPU
		{A1D7718D-A84E-48B5-91F6-08AEA291301E}.Debug|Any CPU.Build.0 = Debug|Any CPU
		{A1D7718D-A84E-48B5-91F6-08AEA291301E}.Release|Any CPU.ActiveCfg = Release|Any CPU
		{A1D7718D-A84E-48B5-91F6-08AEA291301E}.Release|Any CPU.Build.0 = Release|Any CPU
		{9D507BB6-1A7B-424E-8D58-71D25BACCDA2}.Debug|Any CPU.ActiveCfg = Debug|Any CPU
		{9D507BB6-1A7B-424E-8D58-71D25BACCDA2}.Debug|Any CPU.Build.0 = Debug|Any CPU
		{9D507BB6-1A7B-424E-8D58-71D25BACCDA2}.Release|Any CPU.ActiveCfg = Release|Any CPU
		{9D507BB6-1A7B-424E-8D58-71D25BACCDA2}.Release|Any CPU.Build.0 = Release|Any CPU
	EndGlobalSection
	GlobalSection(SolutionProperties) = preSolution
		HideSolutionNode = FALSE
	EndGlobalSection
	GlobalSection(ExtensibilityGlobals) = postSolution
		SolutionGuid = {696C5AFA-BA7C-4AF2-B9C8-B0F633240D32}
	EndGlobalSection
EndGlobal
